
Microsoft Visual Studio Solution File, Format Version 12.00
# Visual Studio Version 17
VisualStudioVersion = 17.0.32014.148
MinimumVisualStudioVersion = 10.0.40219.1
Project("{2150E333-8FDC-42A3-9474-1A3956D46DE8}") = "libs", "libs", "{C4A5DCF1-79E5-47DE-97DE-441C2B4000D1}"
EndProject
Project("{2150E333-8FDC-42A3-9474-1A3956D46DE8}") = "common", "common", "{9E782CEA-2B09-4E46-8CEA-7062EF806B83}"
EndProject
Project("{8BC9CEB8-8B4A-11D0-8D11-00A0C91BC942}") = "General", "General\General.vcxproj", "{ED853942-4042-4168-A0DF-415C32FB2178}"
EndProject
Project("{8BC9CEB8-8B4A-11D0-8D11-00A0C91BC942}") = "LaggySdk", "libs\LaggySdk\LaggySdk\LaggySdk.vcxproj", "{26F606C5-4239-49F0-B3D4-C358526C2325}"
EndProject
Project("{8BC9CEB8-8B4A-11D0-8D11-00A0C91BC942}") = "LaggyDx", "libs\LaggyDx\LaggyDx\LaggyDx.vcxproj", "{27FCDF2C-D499-4F8E-A388-494AB948F151}"
EndProject
Project("{8BC9CEB8-8B4A-11D0-8D11-00A0C91BC942}") = "DirectXTK_Desktop_2022", "libs\DirectXTK\DirectXTK_Desktop_2022.vcxproj", "{E0B52AE7-E160-4D32-BF3F-910B785E5A8E}"
EndProject
Global
	GlobalSection(SolutionConfigurationPlatforms) = preSolution
		Debug|ARM = Debug|ARM
		Debug|ARM64 = Debug|ARM64
		Debug|x64 = Debug|x64
		Debug|x86 = Debug|x86
		Release|ARM = Release|ARM
		Release|ARM64 = Release|ARM64
		Release|x64 = Release|x64
		Release|x86 = Release|x86
	EndGlobalSection
	GlobalSection(ProjectConfigurationPlatforms) = postSolution
		{ED853942-4042-4168-A0DF-415C32FB2178}.Debug|ARM.ActiveCfg = Debug|x64
		{ED853942-4042-4168-A0DF-415C32FB2178}.Debug|ARM.Build.0 = Debug|x64
		{ED853942-4042-4168-A0DF-415C32FB2178}.Debug|ARM64.ActiveCfg = Debug|x64
		{ED853942-4042-4168-A0DF-415C32FB2178}.Debug|ARM64.Build.0 = Debug|x64
		{ED853942-4042-4168-A0DF-415C32FB2178}.Debug|x64.ActiveCfg = Debug|x64
		{ED853942-4042-4168-A0DF-415C32FB2178}.Debug|x64.Build.0 = Debug|x64
		{ED853942-4042-4168-A0DF-415C32FB2178}.Debug|x86.ActiveCfg = Debug|Win32
		{ED853942-4042-4168-A0DF-415C32FB2178}.Debug|x86.Build.0 = Debug|Win32
		{ED853942-4042-4168-A0DF-415C32FB2178}.Release|ARM.ActiveCfg = Release|x64
		{ED853942-4042-4168-A0DF-415C32FB2178}.Release|ARM.Build.0 = Release|x64
		{ED853942-4042-4168-A0DF-415C32FB2178}.Release|ARM64.ActiveCfg = Release|x64
		{ED853942-4042-4168-A0DF-415C32FB2178}.Release|ARM64.Build.0 = Release|x64
		{ED853942-4042-4168-A0DF-415C32FB2178}.Release|x64.ActiveCfg = Release|x64
		{ED853942-4042-4168-A0DF-415C32FB2178}.Release|x64.Build.0 = Release|x64
		{ED853942-4042-4168-A0DF-415C32FB2178}.Release|x86.ActiveCfg = Release|Win32
		{ED853942-4042-4168-A0DF-415C32FB2178}.Release|x86.Build.0 = Release|Win32
		{26F606C5-4239-49F0-B3D4-C358526C2325}.Debug|ARM.ActiveCfg = Debug|x64
		{26F606C5-4239-49F0-B3D4-C358526C2325}.Debug|ARM.Build.0 = Debug|x64
		{26F606C5-4239-49F0-B3D4-C358526C2325}.Debug|ARM64.ActiveCfg = Debug|x64
		{26F606C5-4239-49F0-B3D4-C358526C2325}.Debug|ARM64.Build.0 = Debug|x64
		{26F606C5-4239-49F0-B3D4-C358526C2325}.Debug|x64.ActiveCfg = Debug|x64
		{26F606C5-4239-49F0-B3D4-C358526C2325}.Debug|x64.Build.0 = Debug|x64
		{26F606C5-4239-49F0-B3D4-C358526C2325}.Debug|x86.ActiveCfg = Debug|Win32
		{26F606C5-4239-49F0-B3D4-C358526C2325}.Debug|x86.Build.0 = Debug|Win32
		{26F606C5-4239-49F0-B3D4-C358526C2325}.Release|ARM.ActiveCfg = Release|x64
		{26F606C5-4239-49F0-B3D4-C358526C2325}.Release|ARM.Build.0 = Release|x64
		{26F606C5-4239-49F0-B3D4-C358526C2325}.Release|ARM64.ActiveCfg = Release|x64
		{26F606C5-4239-49F0-B3D4-C358526C2325}.Release|ARM64.Build.0 = Release|x64
		{26F606C5-4239-49F0-B3D4-C358526C2325}.Release|x64.ActiveCfg = Release|x64
		{26F606C5-4239-49F0-B3D4-C358526C2325}.Release|x64.Build.0 = Release|x64
		{26F606C5-4239-49F0-B3D4-C358526C2325}.Release|x86.ActiveCfg = Release|Win32
		{26F606C5-4239-49F0-B3D4-C358526C2325}.Release|x86.Build.0 = Release|Win32
		{27FCDF2C-D499-4F8E-A388-494AB948F151}.Debug|ARM.ActiveCfg = Debug|x64
		{27FCDF2C-D499-4F8E-A388-494AB948F151}.Debug|ARM.Build.0 = Debug|x64
		{27FCDF2C-D499-4F8E-A388-494AB948F151}.Debug|ARM64.ActiveCfg = Debug|x64
		{27FCDF2C-D499-4F8E-A388-494AB948F151}.Debug|ARM64.Build.0 = Debug|x64
		{27FCDF2C-D499-4F8E-A388-494AB948F151}.Debug|x64.ActiveCfg = Debug|x64
		{27FCDF2C-D499-4F8E-A388-494AB948F151}.Debug|x64.Build.0 = Debug|x64
		{27FCDF2C-D499-4F8E-A388-494AB948F151}.Debug|x86.ActiveCfg = Debug|Win32
		{27FCDF2C-D499-4F8E-A388-494AB948F151}.Debug|x86.Build.0 = Debug|Win32
		{27FCDF2C-D499-4F8E-A388-494AB948F151}.Release|ARM.ActiveCfg = Release|x64
		{27FCDF2C-D499-4F8E-A388-494AB948F151}.Release|ARM.Build.0 = Release|x64
		{27FCDF2C-D499-4F8E-A388-494AB948F151}.Release|ARM64.ActiveCfg = Release|x64
		{27FCDF2C-D499-4F8E-A388-494AB948F151}.Release|ARM64.Build.0 = Release|x64
		{27FCDF2C-D499-4F8E-A388-494AB948F151}.Release|x64.ActiveCfg = Release|x64
		{27FCDF2C-D499-4F8E-A388-494AB948F151}.Release|x64.Build.0 = Release|x64
		{27FCDF2C-D499-4F8E-A388-494AB948F151}.Release|x86.ActiveCfg = Release|Win32
		{27FCDF2C-D499-4F8E-A388-494AB948F151}.Release|x86.Build.0 = Release|Win32
		{E0B52AE7-E160-4D32-BF3F-910B785E5A8E}.Debug|ARM.ActiveCfg = Debug|x64
		{E0B52AE7-E160-4D32-BF3F-910B785E5A8E}.Debug|ARM.Build.0 = Debug|x64
		{E0B52AE7-E160-4D32-BF3F-910B785E5A8E}.Debug|ARM64.ActiveCfg = Debug|x64
		{E0B52AE7-E160-4D32-BF3F-910B785E5A8E}.Debug|ARM64.Build.0 = Debug|x64
		{E0B52AE7-E160-4D32-BF3F-910B785E5A8E}.Debug|x64.ActiveCfg = Debug|x64
		{E0B52AE7-E160-4D32-BF3F-910B785E5A8E}.Debug|x64.Build.0 = Debug|x64
		{E0B52AE7-E160-4D32-BF3F-910B785E5A8E}.Debug|x86.ActiveCfg = Debug|Win32
		{E0B52AE7-E160-4D32-BF3F-910B785E5A8E}.Debug|x86.Build.0 = Debug|Win32
		{E0B52AE7-E160-4D32-BF3F-910B785E5A8E}.Release|ARM.ActiveCfg = Release|x64
		{E0B52AE7-E160-4D32-BF3F-910B785E5A8E}.Release|ARM.Build.0 = Release|x64
		{E0B52AE7-E160-4D32-BF3F-910B785E5A8E}.Release|ARM64.ActiveCfg = Release|x64
		{E0B52AE7-E160-4D32-BF3F-910B785E5A8E}.Release|ARM64.Build.0 = Release|x64
		{E0B52AE7-E160-4D32-BF3F-910B785E5A8E}.Release|x64.ActiveCfg = Release|x64
		{E0B52AE7-E160-4D32-BF3F-910B785E5A8E}.Release|x64.Build.0 = Release|x64
		{E0B52AE7-E160-4D32-BF3F-910B785E5A8E}.Release|x86.ActiveCfg = Release|Win32
		{E0B52AE7-E160-4D32-BF3F-910B785E5A8E}.Release|x86.Build.0 = Release|Win32
	EndGlobalSection
	GlobalSection(SolutionProperties) = preSolution
		HideSolutionNode = FALSE
	EndGlobalSection
	GlobalSection(NestedProjects) = preSolution
		{ED853942-4042-4168-A0DF-415C32FB2178} = {9E782CEA-2B09-4E46-8CEA-7062EF806B83}
		{26F606C5-4239-49F0-B3D4-C358526C2325} = {C4A5DCF1-79E5-47DE-97DE-441C2B4000D1}
		{27FCDF2C-D499-4F8E-A388-494AB948F151} = {C4A5DCF1-79E5-47DE-97DE-441C2B4000D1}
		{E0B52AE7-E160-4D32-BF3F-910B785E5A8E} = {C4A5DCF1-79E5-47DE-97DE-441C2B4000D1}
	EndGlobalSection
	GlobalSection(ExtensibilityGlobals) = postSolution
		SolutionGuid = {2484ABA3-B217-418C-8682-E780071DA0EE}
	EndGlobalSection
EndGlobal
